
Microsoft Visual Studio Solution File, Format Version 12.00
# Visual Studio Version 16
VisualStudioVersion = 16.0.30204.135
MinimumVisualStudioVersion = 10.0.40219.1
Project("{FAE04EC0-301F-11D3-BF4B-00C04F79EFBC}") = "MoneyManagerToUniversity", "MoneyManagerToUniversity.csproj", "{0833A1BD-4DEC-4C3D-A681-B10D6CE0BEB9}"
EndProject
Project("{FAE04EC0-301F-11D3-BF4B-00C04F79EFBC}") = "ManageMoneyToUniversityUnitTests", "..\ManageMoneyToUniversityUnitTests\ManageMoneyToUniversityUnitTests.csproj", "{24EDB309-F2E2-422B-A957-C49A2AB38355}"
	ProjectSection(ProjectDependencies) = postProject
		{0833A1BD-4DEC-4C3D-A681-B10D6CE0BEB9} = {0833A1BD-4DEC-4C3D-A681-B10D6CE0BEB9}
	EndProjectSection
EndProject
Global
	GlobalSection(SolutionConfigurationPlatforms) = preSolution
		Debug|Any CPU = Debug|Any CPU
		Release|Any CPU = Release|Any CPU
	EndGlobalSection
	GlobalSection(ProjectConfigurationPlatforms) = postSolution
		{0833A1BD-4DEC-4C3D-A681-B10D6CE0BEB9}.Debug|Any CPU.ActiveCfg = Debug|Any CPU
		{0833A1BD-4DEC-4C3D-A681-B10D6CE0BEB9}.Debug|Any CPU.Build.0 = Debug|Any CPU
		{0833A1BD-4DEC-4C3D-A681-B10D6CE0BEB9}.Release|Any CPU.ActiveCfg = Release|Any CPU
		{0833A1BD-4DEC-4C3D-A681-B10D6CE0BEB9}.Release|Any CPU.Build.0 = Release|Any CPU
		{24EDB309-F2E2-422B-A957-C49A2AB38355}.Debug|Any CPU.ActiveCfg = Debug|Any CPU
		{24EDB309-F2E2-422B-A957-C49A2AB38355}.Debug|Any CPU.Build.0 = Debug|Any CPU
		{24EDB309-F2E2-422B-A957-C49A2AB38355}.Release|Any CPU.ActiveCfg = Release|Any CPU
		{24EDB309-F2E2-422B-A957-C49A2AB38355}.Release|Any CPU.Build.0 = Release|Any CPU
	EndGlobalSection
	GlobalSection(SolutionProperties) = preSolution
		HideSolutionNode = FALSE
	EndGlobalSection
	GlobalSection(ExtensibilityGlobals) = postSolution
		SolutionGuid = {102C36C6-78F8-417D-9402-B75E1E48D96C}
	EndGlobalSection
EndGlobal
